
Microsoft Visual Studio Solution File, Format Version 12.00
# Visual Studio Version 17
VisualStudioVersion = 17.7.34221.43
MinimumVisualStudioVersion = 10.0.40219.1
Project("{2150E333-8FDC-42A3-9474-1A3956D46DE8}") = "Solution Items", "Solution Items", "{F4A732AF-7D13-41AE-A2DF-D08A81B409EA}"
	ProjectSection(SolutionItems) = preProject
		azure-pipelines.yml = azure-pipelines.yml
		azure-static-web-app-GitHub.yml = azure-static-web-app-GitHub.yml
	EndProjectSection
EndProject
Project("{FAE04EC0-301F-11D3-BF4B-00C04F79EFBC}") = "SD.Shared", "Shared\SD.Shared.csproj", "{1E5635E4-0868-FF92-5ACE-054A62C787DF}"
EndProject
Project("{FAE04EC0-301F-11D3-BF4B-00C04F79EFBC}") = "sd.Api", "Server\sd.Api.csproj", "{3471568B-ACDF-7245-CC15-78DA4ECE67DC}"
EndProject
Project("{FAE04EC0-301F-11D3-BF4B-00C04F79EFBC}") = "SD.Client", "Client\SD.Client.csproj", "{C6F69004-4471-D320-0921-78DC3E9F0F62}"
EndProject
Global
	GlobalSection(SolutionConfigurationPlatforms) = preSolution
		Debug|Any CPU = Debug|Any CPU
		Release|Any CPU = Release|Any CPU
	EndGlobalSection
	GlobalSection(ProjectConfigurationPlatforms) = postSolution
		{1E5635E4-0868-FF92-5ACE-054A62C787DF}.Debug|Any CPU.ActiveCfg = Debug|Any CPU
		{1E5635E4-0868-FF92-5ACE-054A62C787DF}.Debug|Any CPU.Build.0 = Debug|Any CPU
		{1E5635E4-0868-FF92-5ACE-054A62C787DF}.Release|Any CPU.ActiveCfg = Release|Any CPU
		{1E5635E4-0868-FF92-5ACE-054A62C787DF}.Release|Any CPU.Build.0 = Release|Any CPU
		{3471568B-ACDF-7245-CC15-78DA4ECE67DC}.Debug|Any CPU.ActiveCfg = Debug|Any CPU
		{3471568B-ACDF-7245-CC15-78DA4ECE67DC}.Debug|Any CPU.Build.0 = Debug|Any CPU
		{3471568B-ACDF-7245-CC15-78DA4ECE67DC}.Release|Any CPU.ActiveCfg = Release|Any CPU
		{3471568B-ACDF-7245-CC15-78DA4ECE67DC}.Release|Any CPU.Build.0 = Release|Any CPU
		{C6F69004-4471-D320-0921-78DC3E9F0F62}.Debug|Any CPU.ActiveCfg = Debug|Any CPU
		{C6F69004-4471-D320-0921-78DC3E9F0F62}.Debug|Any CPU.Build.0 = Debug|Any CPU
		{C6F69004-4471-D320-0921-78DC3E9F0F62}.Release|Any CPU.ActiveCfg = Release|Any CPU
		{C6F69004-4471-D320-0921-78DC3E9F0F62}.Release|Any CPU.Build.0 = Release|Any CPU
	EndGlobalSection
	GlobalSection(SolutionProperties) = preSolution
		HideSolutionNode = FALSE
	EndGlobalSection
	GlobalSection(ExtensibilityGlobals) = postSolution
		SolutionGuid = {CDACC6DA-6539-4B3B-96FC-5E52CE4017A7}
	EndGlobalSection
EndGlobal
